
Microsoft Visual Studio Solution File, Format Version 12.00
# Visual Studio Version 16
VisualStudioVersion = 16.0.30523.141
MinimumVisualStudioVersion = 10.0.40219.1
Project("{FAE04EC0-301F-11D3-BF4B-00C04F79EFBC}") = "entity", "entity.csproj", "{6518C5BD-FF62-46C5-ABD6-6333BBF2BA8A}"
EndProject
Global
	GlobalSection(SolutionConfigurationPlatforms) = preSolution
		Debug|Any CPU = Debug|Any CPU
		Release|Any CPU = Release|Any CPU
	EndGlobalSection
	GlobalSection(ProjectConfigurationPlatforms) = postSolution
		{6518C5BD-FF62-46C5-ABD6-6333BBF2BA8A}.Debug|Any CPU.ActiveCfg = Debug|Any CPU
		{6518C5BD-FF62-46C5-ABD6-6333BBF2BA8A}.Debug|Any CPU.Build.0 = Debug|Any CPU
		{6518C5BD-FF62-46C5-ABD6-6333BBF2BA8A}.Release|Any CPU.ActiveCfg = Release|Any CPU
		{6518C5BD-FF62-46C5-ABD6-6333BBF2BA8A}.Release|Any CPU.Build.0 = Release|Any CPU
	EndGlobalSection
	GlobalSection(SolutionProperties) = preSolution
		HideSolutionNode = FALSE
	EndGlobalSection
	GlobalSection(ExtensibilityGlobals) = postSolution
		SolutionGuid = {AFCD63C1-EA42-4BD5-81BB-C430DDAC963F}
	EndGlobalSection
EndGlobal
