
Microsoft Visual Studio Solution File, Format Version 12.00
# Visual Studio Version 16
VisualStudioVersion = 16.0.30523.141
MinimumVisualStudioVersion = 10.0.40219.1
Project("{FAE04EC0-301F-11D3-BF4B-00C04F79EFBC}") = "lab6", "lab6.csproj", "{7444A0ED-852A-4FC3-B403-1EC9758116BA}"
EndProject
Global
	GlobalSection(SolutionConfigurationPlatforms) = preSolution
		Debug|Any CPU = Debug|Any CPU
		Release|Any CPU = Release|Any CPU
	EndGlobalSection
	GlobalSection(ProjectConfigurationPlatforms) = postSolution
		{7444A0ED-852A-4FC3-B403-1EC9758116BA}.Debug|Any CPU.ActiveCfg = Debug|Any CPU
		{7444A0ED-852A-4FC3-B403-1EC9758116BA}.Debug|Any CPU.Build.0 = Debug|Any CPU
		{7444A0ED-852A-4FC3-B403-1EC9758116BA}.Release|Any CPU.ActiveCfg = Release|Any CPU
		{7444A0ED-852A-4FC3-B403-1EC9758116BA}.Release|Any CPU.Build.0 = Release|Any CPU
	EndGlobalSection
	GlobalSection(SolutionProperties) = preSolution
		HideSolutionNode = FALSE
	EndGlobalSection
	GlobalSection(ExtensibilityGlobals) = postSolution
		SolutionGuid = {838E7353-4E92-40A5-B0A1-0D25BCCF6564}
	EndGlobalSection
EndGlobal
